
Microsoft Visual Studio Solution File, Format Version 12.00
# Visual Studio 14
VisualStudioVersion = 14.0.25123.0
MinimumVisualStudioVersion = 10.0.40219.1
Project("{FAE04EC0-301F-11D3-BF4B-00C04F79EFBC}") = "CardFramework", "CardFramework\CardFramework.csproj", "{0E4B7489-C778-4F40-B380-183F9EE66C7B}"
EndProject
Project("{FAE04EC0-301F-11D3-BF4B-00C04F79EFBC}") = "CardTestApp", "..\CardTestApp\CardTestApp.csproj", "{F90769AB-90FF-4CDC-B0B3-E5C5B484880A}"
EndProject
Project("{FAE04EC0-301F-11D3-BF4B-00C04F79EFBC}") = "CardTests", "CardTests\CardTests.csproj", "{211251CB-49E6-4520-A07E-08241946EC75}"
EndProject
Global
	GlobalSection(SolutionConfigurationPlatforms) = preSolution
		Debug|Any CPU = Debug|Any CPU
		Debug|Mixed Platforms = Debug|Mixed Platforms
		Debug|x86 = Debug|x86
		Release|Any CPU = Release|Any CPU
		Release|Mixed Platforms = Release|Mixed Platforms
		Release|x86 = Release|x86
	EndGlobalSection
	GlobalSection(ProjectConfigurationPlatforms) = postSolution
		{0E4B7489-C778-4F40-B380-183F9EE66C7B}.Debug|Any CPU.ActiveCfg = Debug|Any CPU
		{0E4B7489-C778-4F40-B380-183F9EE66C7B}.Debug|Any CPU.Build.0 = Debug|Any CPU
		{0E4B7489-C778-4F40-B380-183F9EE66C7B}.Debug|Mixed Platforms.ActiveCfg = Debug|Any CPU
		{0E4B7489-C778-4F40-B380-183F9EE66C7B}.Debug|Mixed Platforms.Build.0 = Debug|Any CPU
		{0E4B7489-C778-4F40-B380-183F9EE66C7B}.Debug|x86.ActiveCfg = Debug|Any CPU
		{0E4B7489-C778-4F40-B380-183F9EE66C7B}.Release|Any CPU.ActiveCfg = Release|Any CPU
		{0E4B7489-C778-4F40-B380-183F9EE66C7B}.Release|Any CPU.Build.0 = Release|Any CPU
		{0E4B7489-C778-4F40-B380-183F9EE66C7B}.Release|Mixed Platforms.ActiveCfg = Release|Any CPU
		{0E4B7489-C778-4F40-B380-183F9EE66C7B}.Release|Mixed Platforms.Build.0 = Release|Any CPU
		{0E4B7489-C778-4F40-B380-183F9EE66C7B}.Release|x86.ActiveCfg = Release|Any CPU
		{F90769AB-90FF-4CDC-B0B3-E5C5B484880A}.Debug|Any CPU.ActiveCfg = Debug|x86
		{F90769AB-90FF-4CDC-B0B3-E5C5B484880A}.Debug|Mixed Platforms.ActiveCfg = Debug|x86
		{F90769AB-90FF-4CDC-B0B3-E5C5B484880A}.Debug|Mixed Platforms.Build.0 = Debug|x86
		{F90769AB-90FF-4CDC-B0B3-E5C5B484880A}.Debug|x86.ActiveCfg = Debug|x86
		{F90769AB-90FF-4CDC-B0B3-E5C5B484880A}.Debug|x86.Build.0 = Debug|x86
		{F90769AB-90FF-4CDC-B0B3-E5C5B484880A}.Release|Any CPU.ActiveCfg = Release|x86
		{F90769AB-90FF-4CDC-B0B3-E5C5B484880A}.Release|Mixed Platforms.ActiveCfg = Release|x86
		{F90769AB-90FF-4CDC-B0B3-E5C5B484880A}.Release|Mixed Platforms.Build.0 = Release|x86
		{F90769AB-90FF-4CDC-B0B3-E5C5B484880A}.Release|x86.ActiveCfg = Release|x86
		{F90769AB-90FF-4CDC-B0B3-E5C5B484880A}.Release|x86.Build.0 = Release|x86
		{211251CB-49E6-4520-A07E-08241946EC75}.Debug|Any CPU.ActiveCfg = Debug|Any CPU
		{211251CB-49E6-4520-A07E-08241946EC75}.Debug|Any CPU.Build.0 = Debug|Any CPU
		{211251CB-49E6-4520-A07E-08241946EC75}.Debug|Mixed Platforms.ActiveCfg = Debug|Any CPU
		{211251CB-49E6-4520-A07E-08241946EC75}.Debug|Mixed Platforms.Build.0 = Debug|Any CPU
		{211251CB-49E6-4520-A07E-08241946EC75}.Debug|x86.ActiveCfg = Debug|Any CPU
		{211251CB-49E6-4520-A07E-08241946EC75}.Debug|x86.Build.0 = Debug|Any CPU
		{211251CB-49E6-4520-A07E-08241946EC75}.Release|Any CPU.ActiveCfg = Release|Any CPU
		{211251CB-49E6-4520-A07E-08241946EC75}.Release|Any CPU.Build.0 = Release|Any CPU
		{211251CB-49E6-4520-A07E-08241946EC75}.Release|Mixed Platforms.ActiveCfg = Release|Any CPU
		{211251CB-49E6-4520-A07E-08241946EC75}.Release|Mixed Platforms.Build.0 = Release|Any CPU
		{211251CB-49E6-4520-A07E-08241946EC75}.Release|x86.ActiveCfg = Release|Any CPU
		{211251CB-49E6-4520-A07E-08241946EC75}.Release|x86.Build.0 = Release|Any CPU
	EndGlobalSection
	GlobalSection(SolutionProperties) = preSolution
		HideSolutionNode = FALSE
	EndGlobalSection
EndGlobal
